// !$*UTF8*$!
{
	archiveVersion = 1;
	classes = {
	};
	objectVersion = 48;
	objects = {

/* Begin PBXBuildFile section */
		88794A271F914A1D00920DDD /* AppDelegate.swift in Sources */ = {isa = PBXBuildFile; fileRef = 88794A261F914A1D00920DDD /* AppDelegate.swift */; };
		88794A291F914A1D00920DDD /* ViewController.swift in Sources */ = {isa = PBXBuildFile; fileRef = 88794A281F914A1D00920DDD /* ViewController.swift */; };
		88794A2C1F914A1D00920DDD /* Main.storyboard in Resources */ = {isa = PBXBuildFile; fileRef = 88794A2A1F914A1D00920DDD /* Main.storyboard */; };
		88794A2E1F914A1D00920DDD /* Assets.xcassets in Resources */ = {isa = PBXBuildFile; fileRef = 88794A2D1F914A1D00920DDD /* Assets.xcassets */; };
		88794A311F914A1D00920DDD /* LaunchScreen.storyboard in Resources */ = {isa = PBXBuildFile; fileRef = 88794A2F1F914A1D00920DDD /* LaunchScreen.storyboard */; };
		B50A989EC33DAB7B83C53ADC /* Pods_EMAlertController_Example.framework in Frameworks */ = {isa = PBXBuildFile; fileRef = F82AA5F9539EACBE5A052E18 /* Pods_EMAlertController_Example.framework */; };
/* End PBXBuildFile section */

/* Begin PBXFileReference section */
		580CF85AAE60BDE09C5850E9 /* Pods-EMAlertController-Example.release.xcconfig */ = {isa = PBXFileReference; includeInIndex = 1; lastKnownFileType = text.xcconfig; name = "Pods-EMAlertController-Example.release.xcconfig"; path = "Target Support Files/Pods-EMAlertController-Example/Pods-EMAlertController-Example.release.xcconfig"; sourceTree = "<group>"; };
		88794A231F914A1D00920DDD /* EMAlertController-Example.app */ = {isa = PBXFileReference; explicitFileType = wrapper.application; includeInIndex = 0; path = "EMAlertController-Example.app"; sourceTree = BUILT_PRODUCTS_DIR; };
		88794A261F914A1D00920DDD /* AppDelegate.swift */ = {isa = PBXFileReference; lastKnownFileType = sourcecode.swift; path = AppDelegate.swift; sourceTree = "<group>"; };
		88794A281F914A1D00920DDD /* ViewController.swift */ = {isa = PBXFileReference; lastKnownFileType = sourcecode.swift; path = ViewController.swift; sourceTree = "<group>"; };
		88794A2B1F914A1D00920DDD /* Base */ = {isa = PBXFileReference; lastKnownFileType = file.storyboard; name = Base; path = Base.lproj/Main.storyboard; sourceTree = "<group>"; };
		88794A2D1F914A1D00920DDD /* Assets.xcassets */ = {isa = PBXFileReference; lastKnownFileType = folder.assetcatalog; path = Assets.xcassets; sourceTree = "<group>"; };
		88794A301F914A1D00920DDD /* Base */ = {isa = PBXFileReference; lastKnownFileType = file.storyboard; name = Base; path = Base.lproj/LaunchScreen.storyboard; sourceTree = "<group>"; };
		88794A321F914A1D00920DDD /* Info.plist */ = {isa = PBXFileReference; lastKnownFileType = text.plist.xml; name = Info.plist; path = ../Info.plist; sourceTree = "<group>"; };
		BD2B49BBA1C22645600CC8FF /* Pods-EMAlertController.release.xcconfig */ = {isa = PBXFileReference; includeInIndex = 1; lastKnownFileType = text.xcconfig; name = "Pods-EMAlertController.release.xcconfig"; path = "Target Support Files/Pods-EMAlertController/Pods-EMAlertController.release.xcconfig"; sourceTree = "<group>"; };
		F82AA5F9539EACBE5A052E18 /* Pods_EMAlertController_Example.framework */ = {isa = PBXFileReference; explicitFileType = wrapper.framework; includeInIndex = 0; path = Pods_EMAlertController_Example.framework; sourceTree = BUILT_PRODUCTS_DIR; };
		F85022048BBDCC4B30DB538A /* Pods-EMAlertController-Example.debug.xcconfig */ = {isa = PBXFileReference; includeInIndex = 1; lastKnownFileType = text.xcconfig; name = "Pods-EMAlertController-Example.debug.xcconfig"; path = "Target Support Files/Pods-EMAlertController-Example/Pods-EMAlertController-Example.debug.xcconfig"; sourceTree = "<group>"; };
		FBDA133DF8E6844DD4F8BFB7 /* Pods-EMAlertController.debug.xcconfig */ = {isa = PBXFileReference; includeInIndex = 1; lastKnownFileType = text.xcconfig; name = "Pods-EMAlertController.debug.xcconfig"; path = "Target Support Files/Pods-EMAlertController/Pods-EMAlertController.debug.xcconfig"; sourceTree = "<group>"; };
/* End PBXFileReference section */

/* Begin PBXFrameworksBuildPhase section */
		88794A201F914A1D00920DDD /* Frameworks */ = {
			isa = PBXFrameworksBuildPhase;
			buildActionMask = 2147483647;
			files = (
				B50A989EC33DAB7B83C53ADC /* Pods_EMAlertController_Example.framework in Frameworks */,
			);
			runOnlyForDeploymentPostprocessing = 0;
		};
/* End PBXFrameworksBuildPhase section */

/* Begin PBXGroup section */
		88794A1A1F914A1D00920DDD = {
			isa = PBXGroup;
			children = (
				88794A251F914A1D00920DDD /* Example */,
				88794A241F914A1D00920DDD /* Products */,
				889F2F6743D2E02DD1EC6F7A /* Pods */,
				C2CA46E2636CB26A6D8F8631 /* Frameworks */,
			);
			sourceTree = "<group>";
		};
		88794A241F914A1D00920DDD /* Products */ = {
			isa = PBXGroup;
			children = (
				88794A231F914A1D00920DDD /* EMAlertController-Example.app */,
			);
			name = Products;
			sourceTree = "<group>";
		};
		88794A251F914A1D00920DDD /* Example */ = {
			isa = PBXGroup;
			children = (
				88794A261F914A1D00920DDD /* AppDelegate.swift */,
				88794A281F914A1D00920DDD /* ViewController.swift */,
				88794A2A1F914A1D00920DDD /* Main.storyboard */,
				88794A2D1F914A1D00920DDD /* Assets.xcassets */,
				88794A2F1F914A1D00920DDD /* LaunchScreen.storyboard */,
				88794A321F914A1D00920DDD /* Info.plist */,
			);
			path = Example;
			sourceTree = "<group>";
		};
		889F2F6743D2E02DD1EC6F7A /* Pods */ = {
			isa = PBXGroup;
			children = (
				FBDA133DF8E6844DD4F8BFB7 /* Pods-EMAlertController.debug.xcconfig */,
				BD2B49BBA1C22645600CC8FF /* Pods-EMAlertController.release.xcconfig */,
				F85022048BBDCC4B30DB538A /* Pods-EMAlertController-Example.debug.xcconfig */,
				580CF85AAE60BDE09C5850E9 /* Pods-EMAlertController-Example.release.xcconfig */,
			);
			path = Pods;
			sourceTree = "<group>";
		};
		C2CA46E2636CB26A6D8F8631 /* Frameworks */ = {
			isa = PBXGroup;
			children = (
				F82AA5F9539EACBE5A052E18 /* Pods_EMAlertController_Example.framework */,
			);
			name = Frameworks;
			sourceTree = "<group>";
		};
/* End PBXGroup section */

/* Begin PBXNativeTarget section */
		88794A221F914A1D00920DDD /* EMAlertController-Example */ = {
			isa = PBXNativeTarget;
			buildConfigurationList = 88794A351F914A1D00920DDD /* Build configuration list for PBXNativeTarget "EMAlertController-Example" */;
			buildPhases = (
				2EABD1FFAFBC2AE22040D83D /* [CP] Check Pods Manifest.lock */,
				88794A1F1F914A1D00920DDD /* Sources */,
				88794A201F914A1D00920DDD /* Frameworks */,
				88794A211F914A1D00920DDD /* Resources */,
				378E623B698414CDDAAFBC2C /* [CP] Embed Pods Frameworks */,
			);
			buildRules = (
			);
			dependencies = (
			);
			name = "EMAlertController-Example";
			productName = EMAlertController;
			productReference = 88794A231F914A1D00920DDD /* EMAlertController-Example.app */;
			productType = "com.apple.product-type.application";
		};
/* End PBXNativeTarget section */

/* Begin PBXProject section */
		88794A1B1F914A1D00920DDD /* Project object */ = {
			isa = PBXProject;
			attributes = {
				LastSwiftUpdateCheck = 0900;
				LastUpgradeCheck = 1000;
				ORGANIZATIONNAME = "Eduardo Moll";
				TargetAttributes = {
					88794A221F914A1D00920DDD = {
						CreatedOnToolsVersion = 9.0;
						LastSwiftMigration = 1030;
						ProvisioningStyle = Automatic;
					};
				};
			};
			buildConfigurationList = 88794A1E1F914A1D00920DDD /* Build configuration list for PBXProject "EMAlertController-Example" */;
			compatibilityVersion = "Xcode 8.0";
			developmentRegion = en;
			hasScannedForEncodings = 0;
			knownRegions = (
				en,
				Base,
			);
			mainGroup = 88794A1A1F914A1D00920DDD;
			productRefGroup = 88794A241F914A1D00920DDD /* Products */;
			projectDirPath = "";
			projectRoot = "";
			targets = (
				88794A221F914A1D00920DDD /* EMAlertController-Example */,
			);
		};
/* End PBXProject section */

/* Begin PBXResourcesBuildPhase section */
		88794A211F914A1D00920DDD /* Resources */ = {
			isa = PBXResourcesBuildPhase;
			buildActionMask = 2147483647;
			files = (
				88794A311F914A1D00920DDD /* LaunchScreen.storyboard in Resources */,
				88794A2E1F914A1D00920DDD /* Assets.xcassets in Resources */,
				88794A2C1F914A1D00920DDD /* Main.storyboard in Resources */,
			);
			runOnlyForDeploymentPostprocessing = 0;
		};
/* End PBXResourcesBuildPhase section */

/* Begin PBXShellScriptBuildPhase section */
		2EABD1FFAFBC2AE22040D83D /* [CP] Check Pods Manifest.lock */ = {
			isa = PBXShellScriptBuildPhase;
			buildActionMask = 2147483647;
			files = (
			);
			inputFileListPaths = (
			);
			inputPaths = (
				"${PODS_PODFILE_DIR_PATH}/Podfile.lock",
				"${PODS_ROOT}/Manifest.lock",
			);
			name = "[CP] Check Pods Manifest.lock";
			outputFileListPaths = (
			);
			outputPaths = (
				"$(DERIVED_FILE_DIR)/Pods-EMAlertController-Example-checkManifestLockResult.txt",
			);
			runOnlyForDeploymentPostprocessing = 0;
			shellPath = /bin/sh;
			shellScript = "diff \"${PODS_PODFILE_DIR_PATH}/Podfile.lock\" \"${PODS_ROOT}/Manifest.lock\" > /dev/null\nif [ $? != 0 ] ; then\n    # print error to STDERR\n    echo \"error: The sandbox is not in sync with the Podfile.lock. Run 'pod install' or update your CocoaPods installation.\" >&2\n    exit 1\nfi\n# This output is used by Xcode 'outputs' to avoid re-running this script phase.\necho \"SUCCESS\" > \"${SCRIPT_OUTPUT_FILE_0}\"\n";
			showEnvVarsInLog = 0;
		};
		378E623B698414CDDAAFBC2C /* [CP] Embed Pods Frameworks */ = {
			isa = PBXShellScriptBuildPhase;
			buildActionMask = 2147483647;
			files = (
			);
			inputPaths = (
				"${PODS_ROOT}/Target Support Files/Pods-EMAlertController-Example/Pods-EMAlertController-Example-frameworks.sh",
				"${BUILT_PRODUCTS_DIR}/EMAlertController/EMAlertController.framework",
			);
			name = "[CP] Embed Pods Frameworks";
			outputPaths = (
				"${TARGET_BUILD_DIR}/${FRAMEWORKS_FOLDER_PATH}/EMAlertController.framework",
			);
			runOnlyForDeploymentPostprocessing = 0;
			shellPath = /bin/sh;
			shellScript = "\"${PODS_ROOT}/Target Support Files/Pods-EMAlertController-Example/Pods-EMAlertController-Example-frameworks.sh\"\n";
			showEnvVarsInLog = 0;
		};
/* End PBXShellScriptBuildPhase section */

/* Begin PBXSourcesBuildPhase section */
		88794A1F1F914A1D00920DDD /* Sources */ = {
			isa = PBXSourcesBuildPhase;
			buildActionMask = 2147483647;
			files = (
				88794A291F914A1D00920DDD /* ViewController.swift in Sources */,
				88794A271F914A1D00920DDD /* AppDelegate.swift in Sources */,
			);
			runOnlyForDeploymentPostprocessing = 0;
		};
/* End PBXSourcesBuildPhase section */

/* Begin PBXVariantGroup section */
		88794A2A1F914A1D00920DDD /* Main.storyboard */ = {
			isa = PBXVariantGroup;
			children = (
				88794A2B1F914A1D00920DDD /* Base */,
			);
			name = Main.storyboard;
			sourceTree = "<group>";
		};
		88794A2F1F914A1D00920DDD /* LaunchScreen.storyboard */ = {
			isa = PBXVariantGroup;
			children = (
				88794A301F914A1D00920DDD /* Base */,
			);
			name = LaunchScreen.storyboard;
			sourceTree = "<group>";
		};
/* End PBXVariantGroup section */

/* Begin XCBuildConfiguration section */
		88794A331F914A1D00920DDD /* Debug */ = {
			isa = XCBuildConfiguration;
			buildSettings = {
				ALWAYS_SEARCH_USER_PATHS = NO;
				CLANG_ANALYZER_NONNULL = YES;
				CLANG_ANALYZER_NUMBER_OBJECT_CONVERSION = YES_AGGRESSIVE;
				CLANG_CXX_LANGUAGE_STANDARD = "gnu++14";
				CLANG_CXX_LIBRARY = "libc++";
				CLANG_ENABLE_MODULES = YES;
				CLANG_ENABLE_OBJC_ARC = YES;
				CLANG_WARN_BLOCK_CAPTURE_AUTORELEASING = YES;
				CLANG_WARN_BOOL_CONVERSION = YES;
				CLANG_WARN_COMMA = YES;
				CLANG_WARN_CONSTANT_CONVERSION = YES;
				CLANG_WARN_DEPRECATED_OBJC_IMPLEMENTATIONS = YES;
				CLANG_WARN_DIRECT_OBJC_ISA_USAGE = YES_ERROR;
				CLANG_WARN_DOCUMENTATION_COMMENTS = YES;
				CLANG_WARN_EMPTY_BODY = YES;
				CLANG_WARN_ENUM_CONVERSION = YES;
				CLANG_WARN_INFINITE_RECURSION = YES;
				CLANG_WARN_INT_CONVERSION = YES;
				CLANG_WARN_NON_LITERAL_NULL_CONVERSION = YES;
				CLANG_WARN_OBJC_IMPLICIT_RETAIN_SELF = YES;
				CLANG_WARN_OBJC_LITERAL_CONVERSION = YES;
				CLANG_WARN_OBJC_ROOT_CLASS = YES_ERROR;
				CLANG_WARN_RANGE_LOOP_ANALYSIS = YES;
				CLANG_WARN_STRICT_PROTOTYPES = YES;
				CLANG_WARN_SUSPICIOUS_MOVE = YES;
				CLANG_WARN_UNGUARDED_AVAILABILITY = YES_AGGRESSIVE;
				CLANG_WARN_UNREACHABLE_CODE = YES;
				CLANG_WARN__DUPLICATE_METHOD_MATCH = YES;
				CODE_SIGN_IDENTITY = "iPhone Developer";
				COPY_PHASE_STRIP = NO;
				DEBUG_INFORMATION_FORMAT = dwarf;
				ENABLE_STRICT_OBJC_MSGSEND = YES;
				ENABLE_TESTABILITY = YES;
				GCC_C_LANGUAGE_STANDARD = gnu11;
				GCC_DYNAMIC_NO_PIC = NO;
				GCC_NO_COMMON_BLOCKS = YES;
				GCC_OPTIMIZATION_LEVEL = 0;
				GCC_PREPROCESSOR_DEFINITIONS = (
					"DEBUG=1",
					"$(inherited)",
				);
				GCC_WARN_64_TO_32_BIT_CONVERSION = YES;
				GCC_WARN_ABOUT_RETURN_TYPE = YES_ERROR;
				GCC_WARN_UNDECLARED_SELECTOR = YES;
				GCC_WARN_UNINITIALIZED_AUTOS = YES_AGGRESSIVE;
				GCC_WARN_UNUSED_FUNCTION = YES;
				GCC_WARN_UNUSED_VARIABLE = YES;
				IPHONEOS_DEPLOYMENT_TARGET = 10.0;
				MTL_ENABLE_DEBUG_INFO = YES;
				ONLY_ACTIVE_ARCH = YES;
				SDKROOT = iphoneos;
				SWIFT_ACTIVE_COMPILATION_CONDITIONS = DEBUG;
				SWIFT_OPTIMIZATION_LEVEL = "-Onone";
			};
			name = Debug;
		};
		88794A341F914A1D00920DDD /* Release */ = {
			isa = XCBuildConfiguration;
			buildSettings = {
				ALWAYS_SEARCH_USER_PATHS = NO;
				CLANG_ANALYZER_NONNULL = YES;
				CLANG_ANALYZER_NUMBER_OBJECT_CONVERSION = YES_AGGRESSIVE;
				CLANG_CXX_LANGUAGE_STANDARD = "gnu++14";
				CLANG_CXX_LIBRARY = "libc++";
				CLANG_ENABLE_MODULES = YES;
				CLANG_ENABLE_OBJC_ARC = YES;
				CLANG_WARN_BLOCK_CAPTURE_AUTORELEASING = YES;
				CLANG_WARN_BOOL_CONVERSION = YES;
				CLANG_WARN_COMMA = YES;
				CLANG_WARN_CONSTANT_CONVERSION = YES;
				CLANG_WARN_DEPRECATED_OBJC_IMPLEMENTATIONS = YES;
				CLANG_WARN_DIRECT_OBJC_ISA_USAGE = YES_ERROR;
				CLANG_WARN_DOCUMENTATION_COMMENTS = YES;
				CLANG_WARN_EMPTY_BODY = YES;
				CLANG_WARN_ENUM_CONVERSION = YES;
				CLANG_WARN_INFINITE_RECURSION = YES;
				CLANG_WARN_INT_CONVERSION = YES;
				CLANG_WARN_NON_LITERAL_NULL_CONVERSION = YES;
				CLANG_WARN_OBJC_IMPLICIT_RETAIN_SELF = YES;
				CLANG_WARN_OBJC_LITERAL_CONVERSION = YES;
				CLANG_WARN_OBJC_ROOT_CLASS = YES_ERROR;
				CLANG_WARN_RANGE_LOOP_ANALYSIS = YES;
				CLANG_WARN_STRICT_PROTOTYPES = YES;
				CLANG_WARN_SUSPICIOUS_MOVE = YES;
				CLANG_WARN_UNGUARDED_AVAILABILITY = YES_AGGRESSIVE;
				CLANG_WARN_UNREACHABLE_CODE = YES;
				CLANG_WARN__DUPLICATE_METHOD_MATCH = YES;
				CODE_SIGN_IDENTITY = "iPhone Developer";
				COPY_PHASE_STRIP = NO;
				DEBUG_INFORMATION_FORMAT = "dwarf-with-dsym";
				ENABLE_NS_ASSERTIONS = NO;
				ENABLE_STRICT_OBJC_MSGSEND = YES;
				GCC_C_LANGUAGE_STANDARD = gnu11;
				GCC_NO_COMMON_BLOCKS = YES;
				GCC_WARN_64_TO_32_BIT_CONVERSION = YES;
				GCC_WARN_ABOUT_RETURN_TYPE = YES_ERROR;
				GCC_WARN_UNDECLARED_SELECTOR = YES;
				GCC_WARN_UNINITIALIZED_AUTOS = YES_AGGRESSIVE;
				GCC_WARN_UNUSED_FUNCTION = YES;
				GCC_WARN_UNUSED_VARIABLE = YES;
				IPHONEOS_DEPLOYMENT_TARGET = 10.0;
				MTL_ENABLE_DEBUG_INFO = NO;
				SDKROOT = iphoneos;
				SWIFT_OPTIMIZATION_LEVEL = "-Owholemodule";
				VALIDATE_PRODUCT = YES;
			};
			name = Release;
		};
		88794A361F914A1D00920DDD /* Debug */ = {
			isa = XCBuildConfiguration;
			baseConfigurationReference = F85022048BBDCC4B30DB538A /* Pods-EMAlertController-Example.debug.xcconfig */;
			buildSettings = {
				ASSETCATALOG_COMPILER_APPICON_NAME = AppIcon;
				CODE_SIGN_STYLE = Automatic;
				DEVELOPMENT_TEAM = K2T5FY27PH;
				INFOPLIST_FILE = "$(SRCROOT)/Info.plist";
				IPHONEOS_DEPLOYMENT_TARGET = 10.0;
				LD_RUNPATH_SEARCH_PATHS = "$(inherited) @executable_path/Frameworks";
				PRODUCT_BUNDLE_IDENTIFIER = com.eduardomoll.EMAlertController;
				PRODUCT_NAME = "$(TARGET_NAME)";
				SWIFT_VERSION = 5.0;
				TARGETED_DEVICE_FAMILY = "1,2";
			};
			name = Debug;
		};
		88794A371F914A1D00920DDD /* Release */ = {
			isa = XCBuildConfiguration;
			baseConfigurationReference = 580CF85AAE60BDE09C5850E9 /* Pods-EMAlertController-Example.release.xcconfig */;
			buildSettings = {
				ASSETCATALOG_COMPILER_APPICON_NAME = AppIcon;
				CODE_SIGN_STYLE = Automatic;
				DEVELOPMENT_TEAM = K2T5FY27PH;
				INFOPLIST_FILE = "$(SRCROOT)/Info.plist";
				IPHONEOS_DEPLOYMENT_TARGET = 10.0;
				LD_RUNPATH_SEARCH_PATHS = "$(inherited) @executable_path/Frameworks";
				PRODUCT_BUNDLE_IDENTIFIER = com.eduardomoll.EMAlertController;
				PRODUCT_NAME = "$(TARGET_NAME)";
				SWIFT_VERSION = 5.0;
				TARGETED_DEVICE_FAMILY = "1,2";
			};
			name = Release;
		};
/* End XCBuildConfiguration section */

/* Begin XCConfigurationList section */
		88794A1E1F914A1D00920DDD /* Build configuration list for PBXProject "EMAlertController-Example" */ = {
			isa = XCConfigurationList;
			buildConfigurations = (
				88794A331F914A1D00920DDD /* Debug */,
				88794A341F914A1D00920DDD /* Release */,
			);
			defaultConfigurationIsVisible = 0;
			defaultConfigurationName = Release;
		};
		88794A351F914A1D00920DDD /* Build configuration list for PBXNativeTarget "EMAlertController-Example" */ = {
			isa = XCConfigurationList;
			buildConfigurations = (
				88794A361F914A1D00920DDD /* Debug */,
				88794A371F914A1D00920DDD /* Release */,
			);
			defaultConfigurationIsVisible = 0;
			defaultConfigurationName = Release;
		};
/* End XCConfigurationList section */
	};
	rootObject = 88794A1B1F914A1D00920DDD /* Project object */;
}
